// !$*UTF8*$!
{
	archiveVersion = 1;
	classes = {
	};
	objectVersion = 46;
	objects = {

/* Begin PBXBuildFile section */
		17686D8C1DD72BFAE7A25115 /* Pods_ReactiveAu3dio.framework in Frameworks */ = {isa = PBXBuildFile; fileRef = 4FD39BF0C616967760E09690 /* Pods_ReactiveAu3dio.framework */; };
		743413FEA723A1E43617F835 /* Pods_ReactiveAu3dioTests.framework in Frameworks */ = {isa = PBXBuildFile; fileRef = 41B90917C80FA8455BECC8C1 /* Pods_ReactiveAu3dioTests.framework */; };
		BA64BCEA1DD654A000A833C0 /* Translator.swift in Sources */ = {isa = PBXBuildFile; fileRef = BA64BCE91DD654A000A833C0 /* Translator.swift */; };
		BA9DD6C21DBE25EB00F70F0E /* StoreTests.swift in Sources */ = {isa = PBXBuildFile; fileRef = BA9DD6C11DBE25EB00F70F0E /* StoreTests.swift */; };
		BAA390A71DBF6B980054C0C8 /* Scenario+Ssi.swift in Sources */ = {isa = PBXBuildFile; fileRef = BAA390A61DBF6B980054C0C8 /* Scenario+Ssi.swift */; };
		BAA390A91DBF72FB0054C0C8 /* Level+Fields.swift in Sources */ = {isa = PBXBuildFile; fileRef = BAA390A81DBF72FB0054C0C8 /* Level+Fields.swift */; };
		BAA390AB1DBF76890054C0C8 /* Domain.swift in Sources */ = {isa = PBXBuildFile; fileRef = BAA390AA1DBF76890054C0C8 /* Domain.swift */; };
		BAA390AD1DBF78B20054C0C8 /* Level+Current.swift in Sources */ = {isa = PBXBuildFile; fileRef = BAA390AC1DBF78B20054C0C8 /* Level+Current.swift */; };
		BAA390B51DBF79C60054C0C8 /* AppDelegate.swift in Sources */ = {isa = PBXBuildFile; fileRef = BAA390B41DBF79C60054C0C8 /* AppDelegate.swift */; };
		BAA390B71DBF79C60054C0C8 /* ViewController.swift in Sources */ = {isa = PBXBuildFile; fileRef = BAA390B61DBF79C60054C0C8 /* ViewController.swift */; };
		BAA390BA1DBF79C60054C0C8 /* Main.storyboard in Resources */ = {isa = PBXBuildFile; fileRef = BAA390B81DBF79C60054C0C8 /* Main.storyboard */; };
		BAA390BC1DBF79C60054C0C8 /* Assets.xcassets in Resources */ = {isa = PBXBuildFile; fileRef = BAA390BB1DBF79C60054C0C8 /* Assets.xcassets */; };
		BAA390BF1DBF79C60054C0C8 /* LaunchScreen.storyboard in Resources */ = {isa = PBXBuildFile; fileRef = BAA390BD1DBF79C60054C0C8 /* LaunchScreen.storyboard */; };
		BAA390C51DBF7A690054C0C8 /* CurrentLevelTests.swift in Sources */ = {isa = PBXBuildFile; fileRef = BAA390C41DBF7A690054C0C8 /* CurrentLevelTests.swift */; };
		BAB02B6A1DBE44400003FB57 /* ConvenienceReducerTests.swift in Sources */ = {isa = PBXBuildFile; fileRef = BAB02B691DBE44400003FB57 /* ConvenienceReducerTests.swift */; };
		BAB14DE81DBE014B006D119D /* ReactiveAu3dio.framework in Frameworks */ = {isa = PBXBuildFile; fileRef = BAB14DDE1DBE014B006D119D /* ReactiveAu3dio.framework */; };
		BAB14DEF1DBE014B006D119D /* ReactiveAu3dio.h in Headers */ = {isa = PBXBuildFile; fileRef = BAB14DE11DBE014B006D119D /* ReactiveAu3dio.h */; settings = {ATTRIBUTES = (Public, ); }; };
		BAB14E0B1DBE026B006D119D /* Action+Counter.swift in Sources */ = {isa = PBXBuildFile; fileRef = BAB14E011DBE026B006D119D /* Action+Counter.swift */; };
		BAB14E0C1DBE026B006D119D /* Action+Goal.swift in Sources */ = {isa = PBXBuildFile; fileRef = BAB14E021DBE026B006D119D /* Action+Goal.swift */; };
		BAB14E0D1DBE026B006D119D /* Action+Scenario.swift in Sources */ = {isa = PBXBuildFile; fileRef = BAB14E031DBE026B006D119D /* Action+Scenario.swift */; };
		BAB14E101DBE026B006D119D /* Redux.swift in Sources */ = {isa = PBXBuildFile; fileRef = BAB14E061DBE026B006D119D /* Redux.swift */; };
		BAB14E111DBE026B006D119D /* Redux+Convenience.swift in Sources */ = {isa = PBXBuildFile; fileRef = BAB14E071DBE026B006D119D /* Redux+Convenience.swift */; };
		BAB14E131DBE026B006D119D /* Scenario.swift in Sources */ = {isa = PBXBuildFile; fileRef = BAB14E091DBE026B006D119D /* Scenario.swift */; };
		BAB14E141DBE026B006D119D /* Scenario+Name.swift in Sources */ = {isa = PBXBuildFile; fileRef = BAB14E0A1DBE026B006D119D /* Scenario+Name.swift */; };
		BACAF8201DC24DF6007AD671 /* AudioPlayback.swift in Sources */ = {isa = PBXBuildFile; fileRef = BACAF81F1DC24DF6007AD671 /* AudioPlayback.swift */; };
		BAD184821DBF9062007CD94E /* LevelFieldsTests.swift in Sources */ = {isa = PBXBuildFile; fileRef = BAD184811DBF9062007CD94E /* LevelFieldsTests.swift */; };
		BAD184841DBF9DBD007CD94E /* Entity+Fields.swift in Sources */ = {isa = PBXBuildFile; fileRef = BAD184831DBF9DBD007CD94E /* Entity+Fields.swift */; };
		BAD184861DBF9F13007CD94E /* EntityFieldsTests.swift in Sources */ = {isa = PBXBuildFile; fileRef = BAD184851DBF9F13007CD94E /* EntityFieldsTests.swift */; };
		BAD184881DBFA0D0007CD94E /* Sound.swift in Sources */ = {isa = PBXBuildFile; fileRef = BAD184871DBFA0D0007CD94E /* Sound.swift */; };
		BAD1848A1DBFA0F2007CD94E /* SoundTests.swift in Sources */ = {isa = PBXBuildFile; fileRef = BAD184891DBFA0F2007CD94E /* SoundTests.swift */; };
		BAD1848C1DC0F944007CD94E /* Position.swift in Sources */ = {isa = PBXBuildFile; fileRef = BAD1848B1DC0F944007CD94E /* Position.swift */; };
		BAD1848E1DC11361007CD94E /* PositionTests.swift in Sources */ = {isa = PBXBuildFile; fileRef = BAD1848D1DC11361007CD94E /* PositionTests.swift */; };
		BAD184911DC1349A007CD94E /* AudioEntity.swift in Sources */ = {isa = PBXBuildFile; fileRef = BAD184901DC1349A007CD94E /* AudioEntity.swift */; };
		BAD184931DC139E6007CD94E /* AudioEntityTests.swift in Sources */ = {isa = PBXBuildFile; fileRef = BAD184921DC139E6007CD94E /* AudioEntityTests.swift */; };
/* End PBXBuildFile section */

/* Begin PBXContainerItemProxy section */
		BAB14DE91DBE014B006D119D /* PBXContainerItemProxy */ = {
			isa = PBXContainerItemProxy;
			containerPortal = BAB14DD51DBE014B006D119D /* Project object */;
			proxyType = 1;
			remoteGlobalIDString = BAB14DDD1DBE014B006D119D;
			remoteInfo = ReactiveAu3dio;
		};
/* End PBXContainerItemProxy section */

/* Begin PBXFileReference section */
		41B90917C80FA8455BECC8C1 /* Pods_ReactiveAu3dioTests.framework */ = {isa = PBXFileReference; explicitFileType = wrapper.framework; includeInIndex = 0; path = Pods_ReactiveAu3dioTests.framework; sourceTree = BUILT_PRODUCTS_DIR; };
		4FD39BF0C616967760E09690 /* Pods_ReactiveAu3dio.framework */ = {isa = PBXFileReference; explicitFileType = wrapper.framework; includeInIndex = 0; path = Pods_ReactiveAu3dio.framework; sourceTree = BUILT_PRODUCTS_DIR; };
		A62809EEEBAA87AFE96A66C1 /* Pods-ReactiveAu3dioTests.release.xcconfig */ = {isa = PBXFileReference; includeInIndex = 1; lastKnownFileType = text.xcconfig; name = "Pods-ReactiveAu3dioTests.release.xcconfig"; path = "Pods/Target Support Files/Pods-ReactiveAu3dioTests/Pods-ReactiveAu3dioTests.release.xcconfig"; sourceTree = "<group>"; };
		AAD33EC8E7804D1EA108D3C5 /* Pods-ReactiveAu3dio.release.xcconfig */ = {isa = PBXFileReference; includeInIndex = 1; lastKnownFileType = text.xcconfig; name = "Pods-ReactiveAu3dio.release.xcconfig"; path = "Pods/Target Support Files/Pods-ReactiveAu3dio/Pods-ReactiveAu3dio.release.xcconfig"; sourceTree = "<group>"; };
		BA64BCE91DD654A000A833C0 /* Translator.swift */ = {isa = PBXFileReference; fileEncoding = 4; lastKnownFileType = sourcecode.swift; path = Translator.swift; sourceTree = "<group>"; };
		BA9DD6C11DBE25EB00F70F0E /* StoreTests.swift */ = {isa = PBXFileReference; fileEncoding = 4; lastKnownFileType = sourcecode.swift; path = StoreTests.swift; sourceTree = "<group>"; };
		BAA390A61DBF6B980054C0C8 /* Scenario+Ssi.swift */ = {isa = PBXFileReference; fileEncoding = 4; lastKnownFileType = sourcecode.swift; path = "Scenario+Ssi.swift"; sourceTree = "<group>"; };
		BAA390A81DBF72FB0054C0C8 /* Level+Fields.swift */ = {isa = PBXFileReference; fileEncoding = 4; lastKnownFileType = sourcecode.swift; path = "Level+Fields.swift"; sourceTree = "<group>"; };
		BAA390AA1DBF76890054C0C8 /* Domain.swift */ = {isa = PBXFileReference; fileEncoding = 4; lastKnownFileType = sourcecode.swift; path = Domain.swift; sourceTree = "<group>"; };
		BAA390AC1DBF78B20054C0C8 /* Level+Current.swift */ = {isa = PBXFileReference; fileEncoding = 4; lastKnownFileType = sourcecode.swift; path = "Level+Current.swift"; sourceTree = "<group>"; };
		BAA390B21DBF79C60054C0C8 /* Demo.app */ = {isa = PBXFileReference; explicitFileType = wrapper.application; includeInIndex = 0; path = Demo.app; sourceTree = BUILT_PRODUCTS_DIR; };
		BAA390B41DBF79C60054C0C8 /* AppDelegate.swift */ = {isa = PBXFileReference; lastKnownFileType = sourcecode.swift; path = AppDelegate.swift; sourceTree = "<group>"; };
		BAA390B61DBF79C60054C0C8 /* ViewController.swift */ = {isa = PBXFileReference; lastKnownFileType = sourcecode.swift; path = ViewController.swift; sourceTree = "<group>"; };
		BAA390B91DBF79C60054C0C8 /* Base */ = {isa = PBXFileReference; lastKnownFileType = file.storyboard; name = Base; path = Base.lproj/Main.storyboard; sourceTree = "<group>"; };
		BAA390BB1DBF79C60054C0C8 /* Assets.xcassets */ = {isa = PBXFileReference; lastKnownFileType = folder.assetcatalog; path = Assets.xcassets; sourceTree = "<group>"; };
		BAA390BE1DBF79C60054C0C8 /* Base */ = {isa = PBXFileReference; lastKnownFileType = file.storyboard; name = Base; path = Base.lproj/LaunchScreen.storyboard; sourceTree = "<group>"; };
		BAA390C01DBF79C60054C0C8 /* Info.plist */ = {isa = PBXFileReference; lastKnownFileType = text.plist.xml; path = Info.plist; sourceTree = "<group>"; };
		BAA390C41DBF7A690054C0C8 /* CurrentLevelTests.swift */ = {isa = PBXFileReference; fileEncoding = 4; lastKnownFileType = sourcecode.swift; path = CurrentLevelTests.swift; sourceTree = "<group>"; };
		BAB02B691DBE44400003FB57 /* ConvenienceReducerTests.swift */ = {isa = PBXFileReference; fileEncoding = 4; lastKnownFileType = sourcecode.swift; path = ConvenienceReducerTests.swift; sourceTree = "<group>"; };
		BAB14DDE1DBE014B006D119D /* ReactiveAu3dio.framework */ = {isa = PBXFileReference; explicitFileType = wrapper.framework; includeInIndex = 0; path = ReactiveAu3dio.framework; sourceTree = BUILT_PRODUCTS_DIR; };
		BAB14DE11DBE014B006D119D /* ReactiveAu3dio.h */ = {isa = PBXFileReference; lastKnownFileType = sourcecode.c.h; path = ReactiveAu3dio.h; sourceTree = "<group>"; };
		BAB14DE21DBE014B006D119D /* Info.plist */ = {isa = PBXFileReference; lastKnownFileType = text.plist.xml; path = Info.plist; sourceTree = "<group>"; };
		BAB14DE71DBE014B006D119D /* ReactiveAu3dioTests.xctest */ = {isa = PBXFileReference; explicitFileType = wrapper.cfbundle; includeInIndex = 0; path = ReactiveAu3dioTests.xctest; sourceTree = BUILT_PRODUCTS_DIR; };
		BAB14DEE1DBE014B006D119D /* Info.plist */ = {isa = PBXFileReference; lastKnownFileType = text.plist.xml; path = Info.plist; sourceTree = "<group>"; };
		BAB14E011DBE026B006D119D /* Action+Counter.swift */ = {isa = PBXFileReference; fileEncoding = 4; lastKnownFileType = sourcecode.swift; path = "Action+Counter.swift"; sourceTree = "<group>"; };
		BAB14E021DBE026B006D119D /* Action+Goal.swift */ = {isa = PBXFileReference; fileEncoding = 4; lastKnownFileType = sourcecode.swift; path = "Action+Goal.swift"; sourceTree = "<group>"; };
		BAB14E031DBE026B006D119D /* Action+Scenario.swift */ = {isa = PBXFileReference; fileEncoding = 4; indentWidth = 4; lastKnownFileType = sourcecode.swift; path = "Action+Scenario.swift"; sourceTree = "<group>"; tabWidth = 4; usesTabs = 0; };
		BAB14E061DBE026B006D119D /* Redux.swift */ = {isa = PBXFileReference; fileEncoding = 4; lastKnownFileType = sourcecode.swift; path = Redux.swift; sourceTree = "<group>"; };
		BAB14E071DBE026B006D119D /* Redux+Convenience.swift */ = {isa = PBXFileReference; fileEncoding = 4; lastKnownFileType = sourcecode.swift; path = "Redux+Convenience.swift"; sourceTree = "<group>"; };
		BAB14E091DBE026B006D119D /* Scenario.swift */ = {isa = PBXFileReference; fileEncoding = 4; lastKnownFileType = sourcecode.swift; path = Scenario.swift; sourceTree = "<group>"; };
		BAB14E0A1DBE026B006D119D /* Scenario+Name.swift */ = {isa = PBXFileReference; fileEncoding = 4; lastKnownFileType = sourcecode.swift; path = "Scenario+Name.swift"; sourceTree = "<group>"; };
		BACAF81F1DC24DF6007AD671 /* AudioPlayback.swift */ = {isa = PBXFileReference; fileEncoding = 4; lastKnownFileType = sourcecode.swift; path = AudioPlayback.swift; sourceTree = "<group>"; };
		BAD184811DBF9062007CD94E /* LevelFieldsTests.swift */ = {isa = PBXFileReference; fileEncoding = 4; lastKnownFileType = sourcecode.swift; path = LevelFieldsTests.swift; sourceTree = "<group>"; };
		BAD184831DBF9DBD007CD94E /* Entity+Fields.swift */ = {isa = PBXFileReference; fileEncoding = 4; lastKnownFileType = sourcecode.swift; path = "Entity+Fields.swift"; sourceTree = "<group>"; };
		BAD184851DBF9F13007CD94E /* EntityFieldsTests.swift */ = {isa = PBXFileReference; fileEncoding = 4; lastKnownFileType = sourcecode.swift; path = EntityFieldsTests.swift; sourceTree = "<group>"; };
		BAD184871DBFA0D0007CD94E /* Sound.swift */ = {isa = PBXFileReference; fileEncoding = 4; lastKnownFileType = sourcecode.swift; path = Sound.swift; sourceTree = "<group>"; };
		BAD184891DBFA0F2007CD94E /* SoundTests.swift */ = {isa = PBXFileReference; fileEncoding = 4; lastKnownFileType = sourcecode.swift; path = SoundTests.swift; sourceTree = "<group>"; };
		BAD1848B1DC0F944007CD94E /* Position.swift */ = {isa = PBXFileReference; fileEncoding = 4; lastKnownFileType = sourcecode.swift; path = Position.swift; sourceTree = "<group>"; };
		BAD1848D1DC11361007CD94E /* PositionTests.swift */ = {isa = PBXFileReference; fileEncoding = 4; lastKnownFileType = sourcecode.swift; path = PositionTests.swift; sourceTree = "<group>"; };
		BAD184901DC1349A007CD94E /* AudioEntity.swift */ = {isa = PBXFileReference; fileEncoding = 4; lastKnownFileType = sourcecode.swift; path = AudioEntity.swift; sourceTree = "<group>"; };
		BAD184921DC139E6007CD94E /* AudioEntityTests.swift */ = {isa = PBXFileReference; fileEncoding = 4; lastKnownFileType = sourcecode.swift; path = AudioEntityTests.swift; sourceTree = "<group>"; };
		BB55EBC91A9C4701762B3C3B /* Pods-ReactiveAu3dioTests.debug.xcconfig */ = {isa = PBXFileReference; includeInIndex = 1; lastKnownFileType = text.xcconfig; name = "Pods-ReactiveAu3dioTests.debug.xcconfig"; path = "Pods/Target Support Files/Pods-ReactiveAu3dioTests/Pods-ReactiveAu3dioTests.debug.xcconfig"; sourceTree = "<group>"; };
		D55A64EBD1EB5911ABBB19F1 /* Pods-ReactiveAu3dio.debug.xcconfig */ = {isa = PBXFileReference; includeInIndex = 1; lastKnownFileType = text.xcconfig; name = "Pods-ReactiveAu3dio.debug.xcconfig"; path = "Pods/Target Support Files/Pods-ReactiveAu3dio/Pods-ReactiveAu3dio.debug.xcconfig"; sourceTree = "<group>"; };
/* End PBXFileReference section */

/* Begin PBXFrameworksBuildPhase section */
		BAA390AF1DBF79C60054C0C8 /* Frameworks */ = {
			isa = PBXFrameworksBuildPhase;
			buildActionMask = 2147483647;
			files = (
			);
			runOnlyForDeploymentPostprocessing = 0;
		};
		BAB14DDA1DBE014B006D119D /* Frameworks */ = {
			isa = PBXFrameworksBuildPhase;
			buildActionMask = 2147483647;
			files = (
				17686D8C1DD72BFAE7A25115 /* Pods_ReactiveAu3dio.framework in Frameworks */,
			);
			runOnlyForDeploymentPostprocessing = 0;
		};
		BAB14DE41DBE014B006D119D /* Frameworks */ = {
			isa = PBXFrameworksBuildPhase;
			buildActionMask = 2147483647;
			files = (
				BAB14DE81DBE014B006D119D /* ReactiveAu3dio.framework in Frameworks */,
				743413FEA723A1E43617F835 /* Pods_ReactiveAu3dioTests.framework in Frameworks */,
			);
			runOnlyForDeploymentPostprocessing = 0;
		};
/* End PBXFrameworksBuildPhase section */

/* Begin PBXGroup section */
		205FDAAFC7B8BE355A5FF8BF /* Frameworks */ = {
			isa = PBXGroup;
			children = (
				4FD39BF0C616967760E09690 /* Pods_ReactiveAu3dio.framework */,
				41B90917C80FA8455BECC8C1 /* Pods_ReactiveAu3dioTests.framework */,
			);
			name = Frameworks;
			sourceTree = "<group>";
		};
		32260CCA5C1209DE08415D6F /* Pods */ = {
			isa = PBXGroup;
			children = (
				D55A64EBD1EB5911ABBB19F1 /* Pods-ReactiveAu3dio.debug.xcconfig */,
				AAD33EC8E7804D1EA108D3C5 /* Pods-ReactiveAu3dio.release.xcconfig */,
				BB55EBC91A9C4701762B3C3B /* Pods-ReactiveAu3dioTests.debug.xcconfig */,
				A62809EEEBAA87AFE96A66C1 /* Pods-ReactiveAu3dioTests.release.xcconfig */,
			);
			name = Pods;
			sourceTree = "<group>";
		};
		BAA390A41DBF69360054C0C8 /* Domain */ = {
			isa = PBXGroup;
			children = (
				BAA390AA1DBF76890054C0C8 /* Domain.swift */,
				BAD184871DBFA0D0007CD94E /* Sound.swift */,
				BAB14E091DBE026B006D119D /* Scenario.swift */,
				BAA390A61DBF6B980054C0C8 /* Scenario+Ssi.swift */,
				BAB14E0A1DBE026B006D119D /* Scenario+Name.swift */,
				BAA390AC1DBF78B20054C0C8 /* Level+Current.swift */,
				BAA390A81DBF72FB0054C0C8 /* Level+Fields.swift */,
				BAD184831DBF9DBD007CD94E /* Entity+Fields.swift */,
				BAD1848B1DC0F944007CD94E /* Position.swift */,
			);
			name = Domain;
			sourceTree = "<group>";
		};
		BAA390A51DBF69460054C0C8 /* ReactiveCore */ = {
			isa = PBXGroup;
			children = (
				BAB14E061DBE026B006D119D /* Redux.swift */,
				BAB14E071DBE026B006D119D /* Redux+Convenience.swift */,
			);
			name = ReactiveCore;
			sourceTree = "<group>";
		};
		BAA390B31DBF79C60054C0C8 /* Demo */ = {
			isa = PBXGroup;
			children = (
				BAA390B41DBF79C60054C0C8 /* AppDelegate.swift */,
				BAA390B61DBF79C60054C0C8 /* ViewController.swift */,
				BAA390B81DBF79C60054C0C8 /* Main.storyboard */,
				BAA390BB1DBF79C60054C0C8 /* Assets.xcassets */,
				BAA390BD1DBF79C60054C0C8 /* LaunchScreen.storyboard */,
				BAA390C01DBF79C60054C0C8 /* Info.plist */,
			);
			path = Demo;
			sourceTree = "<group>";
		};
		BAB14DD41DBE014B006D119D = {
			isa = PBXGroup;
			children = (
				BAB14DE01DBE014B006D119D /* ReactiveAu3dio */,
				BAB14DEB1DBE014B006D119D /* ReactiveAu3dioTests */,
				BAA390B31DBF79C60054C0C8 /* Demo */,
				BAB14DDF1DBE014B006D119D /* Products */,
				32260CCA5C1209DE08415D6F /* Pods */,
				205FDAAFC7B8BE355A5FF8BF /* Frameworks */,
			);
			sourceTree = "<group>";
		};
		BAB14DDF1DBE014B006D119D /* Products */ = {
			isa = PBXGroup;
			children = (
				BAB14DDE1DBE014B006D119D /* ReactiveAu3dio.framework */,
				BAB14DE71DBE014B006D119D /* ReactiveAu3dioTests.xctest */,
				BAA390B21DBF79C60054C0C8 /* Demo.app */,
			);
			name = Products;
			sourceTree = "<group>";
		};
		BAB14DE01DBE014B006D119D /* ReactiveAu3dio */ = {
			isa = PBXGroup;
			children = (
				BAB14DE11DBE014B006D119D /* ReactiveAu3dio.h */,
				BAA390A51DBF69460054C0C8 /* ReactiveCore */,
				BAB14E011DBE026B006D119D /* Action+Counter.swift */,
				BAB14E021DBE026B006D119D /* Action+Goal.swift */,
				BAB14E031DBE026B006D119D /* Action+Scenario.swift */,
				BA64BCE91DD654A000A833C0 /* Translator.swift */,
				BAD1848F1DC13489007CD94E /* Platform */,
				BAA390A41DBF69360054C0C8 /* Domain */,
				BAB14DE21DBE014B006D119D /* Info.plist */,
			);
			path = ReactiveAu3dio;
			sourceTree = "<group>";
		};
		BAB14DEB1DBE014B006D119D /* ReactiveAu3dioTests */ = {
			isa = PBXGroup;
			children = (
				BAD184941DC139ED007CD94E /* Platform */,
				BA9DD6C11DBE25EB00F70F0E /* StoreTests.swift */,
				BAB02B691DBE44400003FB57 /* ConvenienceReducerTests.swift */,
				BAA390C41DBF7A690054C0C8 /* CurrentLevelTests.swift */,
				BAD184811DBF9062007CD94E /* LevelFieldsTests.swift */,
				BAD184851DBF9F13007CD94E /* EntityFieldsTests.swift */,
				BAD184891DBFA0F2007CD94E /* SoundTests.swift */,
				BAD1848D1DC11361007CD94E /* PositionTests.swift */,
				BAB14DEE1DBE014B006D119D /* Info.plist */,
			);
			path = ReactiveAu3dioTests;
			sourceTree = "<group>";
		};
		BAD1848F1DC13489007CD94E /* Platform */ = {
			isa = PBXGroup;
			children = (
				BAD184901DC1349A007CD94E /* AudioEntity.swift */,
				BACAF81F1DC24DF6007AD671 /* AudioPlayback.swift */,
			);
			name = Platform;
			sourceTree = "<group>";
		};
		BAD184941DC139ED007CD94E /* Platform */ = {
			isa = PBXGroup;
			children = (
				BAD184921DC139E6007CD94E /* AudioEntityTests.swift */,
			);
			name = Platform;
			sourceTree = "<group>";
		};
/* End PBXGroup section */

/* Begin PBXHeadersBuildPhase section */
		BAB14DDB1DBE014B006D119D /* Headers */ = {
			isa = PBXHeadersBuildPhase;
			buildActionMask = 2147483647;
			files = (
				BAB14DEF1DBE014B006D119D /* ReactiveAu3dio.h in Headers */,
			);
			runOnlyForDeploymentPostprocessing = 0;
		};
/* End PBXHeadersBuildPhase section */

/* Begin PBXNativeTarget section */
		BAA390B11DBF79C60054C0C8 /* Demo */ = {
			isa = PBXNativeTarget;
			buildConfigurationList = BAA390C11DBF79C60054C0C8 /* Build configuration list for PBXNativeTarget "Demo" */;
			buildPhases = (
				BAA390AE1DBF79C60054C0C8 /* Sources */,
				BAA390AF1DBF79C60054C0C8 /* Frameworks */,
				BAA390B01DBF79C60054C0C8 /* Resources */,
			);
			buildRules = (
			);
			dependencies = (
			);
			name = Demo;
			productName = Demo;
			productReference = BAA390B21DBF79C60054C0C8 /* Demo.app */;
			productType = "com.apple.product-type.application";
		};
		BAB14DDD1DBE014B006D119D /* ReactiveAu3dio */ = {
			isa = PBXNativeTarget;
			buildConfigurationList = BAB14DF21DBE014B006D119D /* Build configuration list for PBXNativeTarget "ReactiveAu3dio" */;
			buildPhases = (
				AE7913AD0F83AA64A0FDCFA9 /* [CP] Check Pods Manifest.lock */,
				BAB14DD91DBE014B006D119D /* Sources */,
				BAB14DDA1DBE014B006D119D /* Frameworks */,
				BAB14DDB1DBE014B006D119D /* Headers */,
				BAB14DDC1DBE014B006D119D /* Resources */,
				E47C6B7F33F5393E96ABFE94 /* [CP] Copy Pods Resources */,
				BAA390A31DBF58BA0054C0C8 /* ShellScript */,
			);
			buildRules = (
			);
			dependencies = (
			);
			name = ReactiveAu3dio;
			productName = ReactiveAu3dio;
			productReference = BAB14DDE1DBE014B006D119D /* ReactiveAu3dio.framework */;
			productType = "com.apple.product-type.framework";
		};
		BAB14DE61DBE014B006D119D /* ReactiveAu3dioTests */ = {
			isa = PBXNativeTarget;
			buildConfigurationList = BAB14DF51DBE014B006D119D /* Build configuration list for PBXNativeTarget "ReactiveAu3dioTests" */;
			buildPhases = (
				C8DA17805593980381579A53 /* [CP] Check Pods Manifest.lock */,
				BAB14DE31DBE014B006D119D /* Sources */,
				BAB14DE41DBE014B006D119D /* Frameworks */,
				BAB14DE51DBE014B006D119D /* Resources */,
				1FBAA0246CD817F83B523B4F /* [CP] Embed Pods Frameworks */,
				902B44E705D94DA304936D81 /* [CP] Copy Pods Resources */,
			);
			buildRules = (
			);
			dependencies = (
				BAB14DEA1DBE014B006D119D /* PBXTargetDependency */,
			);
			name = ReactiveAu3dioTests;
			productName = ReactiveAu3dioTests;
			productReference = BAB14DE71DBE014B006D119D /* ReactiveAu3dioTests.xctest */;
			productType = "com.apple.product-type.bundle.unit-test";
		};
/* End PBXNativeTarget section */

/* Begin PBXProject section */
		BAB14DD51DBE014B006D119D /* Project object */ = {
			isa = PBXProject;
			attributes = {
				LastSwiftUpdateCheck = 0800;
				LastUpgradeCheck = 0800;
				ORGANIZATIONNAME = "Valentin Knabel";
				TargetAttributes = {
					BAA390B11DBF79C60054C0C8 = {
						CreatedOnToolsVersion = 8.0;
						DevelopmentTeam = LMF68UG2BU;
						ProvisioningStyle = Automatic;
					};
					BAB14DDD1DBE014B006D119D = {
						CreatedOnToolsVersion = 8.0;
						DevelopmentTeam = LMF68UG2BU;
						LastSwiftMigration = 0800;
						ProvisioningStyle = Automatic;
					};
					BAB14DE61DBE014B006D119D = {
						CreatedOnToolsVersion = 8.0;
						DevelopmentTeam = LMF68UG2BU;
						ProvisioningStyle = Automatic;
					};
				};
			};
			buildConfigurationList = BAB14DD81DBE014B006D119D /* Build configuration list for PBXProject "ReactiveAu3dio" */;
			compatibilityVersion = "Xcode 3.2";
			developmentRegion = English;
			hasScannedForEncodings = 0;
			knownRegions = (
				en,
				Base,
			);
			mainGroup = BAB14DD41DBE014B006D119D;
			productRefGroup = BAB14DDF1DBE014B006D119D /* Products */;
			projectDirPath = "";
			projectRoot = "";
			targets = (
				BAB14DDD1DBE014B006D119D /* ReactiveAu3dio */,
				BAB14DE61DBE014B006D119D /* ReactiveAu3dioTests */,
				BAA390B11DBF79C60054C0C8 /* Demo */,
			);
		};
/* End PBXProject section */

/* Begin PBXResourcesBuildPhase section */
		BAA390B01DBF79C60054C0C8 /* Resources */ = {
			isa = PBXResourcesBuildPhase;
			buildActionMask = 2147483647;
			files = (
				BAA390BF1DBF79C60054C0C8 /* LaunchScreen.storyboard in Resources */,
				BAA390BC1DBF79C60054C0C8 /* Assets.xcassets in Resources */,
				BAA390BA1DBF79C60054C0C8 /* Main.storyboard in Resources */,
			);
			runOnlyForDeploymentPostprocessing = 0;
		};
		BAB14DDC1DBE014B006D119D /* Resources */ = {
			isa = PBXResourcesBuildPhase;
			buildActionMask = 2147483647;
			files = (
			);
			runOnlyForDeploymentPostprocessing = 0;
		};
		BAB14DE51DBE014B006D119D /* Resources */ = {
			isa = PBXResourcesBuildPhase;
			buildActionMask = 2147483647;
			files = (
			);
			runOnlyForDeploymentPostprocessing = 0;
		};
/* End PBXResourcesBuildPhase section */

/* Begin PBXShellScriptBuildPhase section */
		1FBAA0246CD817F83B523B4F /* [CP] Embed Pods Frameworks */ = {
			isa = PBXShellScriptBuildPhase;
			buildActionMask = 2147483647;
			files = (
			);
			inputPaths = (
			);
			name = "[CP] Embed Pods Frameworks";
			outputPaths = (
			);
			runOnlyForDeploymentPostprocessing = 0;
			shellPath = /bin/sh;
			shellScript = "\"${SRCROOT}/Pods/Target Support Files/Pods-ReactiveAu3dioTests/Pods-ReactiveAu3dioTests-frameworks.sh\"\n";
			showEnvVarsInLog = 0;
		};
		902B44E705D94DA304936D81 /* [CP] Copy Pods Resources */ = {
			isa = PBXShellScriptBuildPhase;
			buildActionMask = 2147483647;
			files = (
			);
			inputPaths = (
			);
			name = "[CP] Copy Pods Resources";
			outputPaths = (
			);
			runOnlyForDeploymentPostprocessing = 0;
			shellPath = /bin/sh;
			shellScript = "\"${SRCROOT}/Pods/Target Support Files/Pods-ReactiveAu3dioTests/Pods-ReactiveAu3dioTests-resources.sh\"\n";
			showEnvVarsInLog = 0;
		};
		AE7913AD0F83AA64A0FDCFA9 /* [CP] Check Pods Manifest.lock */ = {
			isa = PBXShellScriptBuildPhase;
			buildActionMask = 2147483647;
			files = (
			);
			inputPaths = (
			);
			name = "[CP] Check Pods Manifest.lock";
			outputPaths = (
			);
			runOnlyForDeploymentPostprocessing = 0;
			shellPath = /bin/sh;
			shellScript = "diff \"${PODS_ROOT}/../Podfile.lock\" \"${PODS_ROOT}/Manifest.lock\" > /dev/null\nif [ $? != 0 ] ; then\n    # print error to STDERR\n    echo \"error: The sandbox is not in sync with the Podfile.lock. Run 'pod install' or update your CocoaPods installation.\" >&2\n    exit 1\nfi\n";
			showEnvVarsInLog = 0;
		};
		BAA390A31DBF58BA0054C0C8 /* ShellScript */ = {
			isa = PBXShellScriptBuildPhase;
			buildActionMask = 2147483647;
			files = (
			);
			inputPaths = (
			);
			outputPaths = (
			);
			runOnlyForDeploymentPostprocessing = 0;
			shellPath = /bin/sh;
			shellScript = "if which swiftlint >/dev/null; then\n    swiftlint\nelse\n    echo \"warning: SwiftLint not installed, download from https://github.com/realm/SwiftLint\"\nfi";
		};
		C8DA17805593980381579A53 /* [CP] Check Pods Manifest.lock */ = {
			isa = PBXShellScriptBuildPhase;
			buildActionMask = 2147483647;
			files = (
			);
			inputPaths = (
			);
			name = "[CP] Check Pods Manifest.lock";
			outputPaths = (
			);
			runOnlyForDeploymentPostprocessing = 0;
			shellPath = /bin/sh;
			shellScript = "diff \"${PODS_ROOT}/../Podfile.lock\" \"${PODS_ROOT}/Manifest.lock\" > /dev/null\nif [ $? != 0 ] ; then\n    # print error to STDERR\n    echo \"error: The sandbox is not in sync with the Podfile.lock. Run 'pod install' or update your CocoaPods installation.\" >&2\n    exit 1\nfi\n";
			showEnvVarsInLog = 0;
		};
		E47C6B7F33F5393E96ABFE94 /* [CP] Copy Pods Resources */ = {
			isa = PBXShellScriptBuildPhase;
			buildActionMask = 2147483647;
			files = (
			);
			inputPaths = (
			);
			name = "[CP] Copy Pods Resources";
			outputPaths = (
			);
			runOnlyForDeploymentPostprocessing = 0;
			shellPath = /bin/sh;
			shellScript = "\"${SRCROOT}/Pods/Target Support Files/Pods-ReactiveAu3dio/Pods-ReactiveAu3dio-resources.sh\"\n";
			showEnvVarsInLog = 0;
		};
/* End PBXShellScriptBuildPhase section */

/* Begin PBXSourcesBuildPhase section */
		BAA390AE1DBF79C60054C0C8 /* Sources */ = {
			isa = PBXSourcesBuildPhase;
			buildActionMask = 2147483647;
			files = (
				BAA390B71DBF79C60054C0C8 /* ViewController.swift in Sources */,
				BAA390B51DBF79C60054C0C8 /* AppDelegate.swift in Sources */,
			);
			runOnlyForDeploymentPostprocessing = 0;
		};
		BAB14DD91DBE014B006D119D /* Sources */ = {
			isa = PBXSourcesBuildPhase;
			buildActionMask = 2147483647;
			files = (
				BAD184911DC1349A007CD94E /* AudioEntity.swift in Sources */,
				BAD1848C1DC0F944007CD94E /* Position.swift in Sources */,
				BAD184881DBFA0D0007CD94E /* Sound.swift in Sources */,
				BA64BCEA1DD654A000A833C0 /* Translator.swift in Sources */,
				BAA390AD1DBF78B20054C0C8 /* Level+Current.swift in Sources */,
				BAB14E101DBE026B006D119D /* Redux.swift in Sources */,
				BAA390AB1DBF76890054C0C8 /* Domain.swift in Sources */,
				BAB14E141DBE026B006D119D /* Scenario+Name.swift in Sources */,
				BACAF8201DC24DF6007AD671 /* AudioPlayback.swift in Sources */,
				BAB14E0C1DBE026B006D119D /* Action+Goal.swift in Sources */,
				BAD184841DBF9DBD007CD94E /* Entity+Fields.swift in Sources */,
				BAA390A91DBF72FB0054C0C8 /* Level+Fields.swift in Sources */,
				BAA390A71DBF6B980054C0C8 /* Scenario+Ssi.swift in Sources */,
				BAB14E0D1DBE026B006D119D /* Action+Scenario.swift in Sources */,
				BAB14E131DBE026B006D119D /* Scenario.swift in Sources */,
				BAB14E111DBE026B006D119D /* Redux+Convenience.swift in Sources */,
				BAB14E0B1DBE026B006D119D /* Action+Counter.swift in Sources */,
			);
			runOnlyForDeploymentPostprocessing = 0;
		};
		BAB14DE31DBE014B006D119D /* Sources */ = {
			isa = PBXSourcesBuildPhase;
			buildActionMask = 2147483647;
			files = (
				BAB02B6A1DBE44400003FB57 /* ConvenienceReducerTests.swift in Sources */,
				BAD1848E1DC11361007CD94E /* PositionTests.swift in Sources */,
				BA9DD6C21DBE25EB00F70F0E /* StoreTests.swift in Sources */,
				BAD184931DC139E6007CD94E /* AudioEntityTests.swift in Sources */,
				BAA390C51DBF7A690054C0C8 /* CurrentLevelTests.swift in Sources */,
				BAD184861DBF9F13007CD94E /* EntityFieldsTests.swift in Sources */,
				BAD184821DBF9062007CD94E /* LevelFieldsTests.swift in Sources */,
				BAD1848A1DBFA0F2007CD94E /* SoundTests.swift in Sources */,
			);
			runOnlyForDeploymentPostprocessing = 0;
		};
/* End PBXSourcesBuildPhase section */

/* Begin PBXTargetDependency section */
		BAB14DEA1DBE014B006D119D /* PBXTargetDependency */ = {
			isa = PBXTargetDependency;
			target = BAB14DDD1DBE014B006D119D /* ReactiveAu3dio */;
			targetProxy = BAB14DE91DBE014B006D119D /* PBXContainerItemProxy */;
		};
/* End PBXTargetDependency section */

/* Begin PBXVariantGroup section */
		BAA390B81DBF79C60054C0C8 /* Main.storyboard */ = {
			isa = PBXVariantGroup;
			children = (
				BAA390B91DBF79C60054C0C8 /* Base */,
			);
			name = Main.storyboard;
			sourceTree = "<group>";
		};
		BAA390BD1DBF79C60054C0C8 /* LaunchScreen.storyboard */ = {
			isa = PBXVariantGroup;
			children = (
				BAA390BE1DBF79C60054C0C8 /* Base */,
			);
			name = LaunchScreen.storyboard;
			sourceTree = "<group>";
		};
/* End PBXVariantGroup section */

/* Begin XCBuildConfiguration section */
		BAA390C21DBF79C60054C0C8 /* Debug */ = {
			isa = XCBuildConfiguration;
			buildSettings = {
				ASSETCATALOG_COMPILER_APPICON_NAME = AppIcon;
				DEVELOPMENT_TEAM = LMF68UG2BU;
				INFOPLIST_FILE = Demo/Info.plist;
				LD_RUNPATH_SEARCH_PATHS = "$(inherited) @executable_path/Frameworks";
				PRODUCT_BUNDLE_IDENTIFIER = com.vknabel.Demo;
				PRODUCT_NAME = "$(TARGET_NAME)";
				SWIFT_VERSION = 3.0;
			};
			name = Debug;
		};
		BAA390C31DBF79C60054C0C8 /* Release */ = {
			isa = XCBuildConfiguration;
			buildSettings = {
				ASSETCATALOG_COMPILER_APPICON_NAME = AppIcon;
				DEVELOPMENT_TEAM = LMF68UG2BU;
				INFOPLIST_FILE = Demo/Info.plist;
				LD_RUNPATH_SEARCH_PATHS = "$(inherited) @executable_path/Frameworks";
				PRODUCT_BUNDLE_IDENTIFIER = com.vknabel.Demo;
				PRODUCT_NAME = "$(TARGET_NAME)";
				SWIFT_VERSION = 3.0;
			};
			name = Release;
		};
		BAB14DF01DBE014B006D119D /* Debug */ = {
			isa = XCBuildConfiguration;
			buildSettings = {
				ALWAYS_SEARCH_USER_PATHS = NO;
				CLANG_ANALYZER_NONNULL = YES;
				CLANG_CXX_LANGUAGE_STANDARD = "gnu++0x";
				CLANG_CXX_LIBRARY = "libc++";
				CLANG_ENABLE_MODULES = YES;
				CLANG_ENABLE_OBJC_ARC = YES;
				CLANG_WARN_BOOL_CONVERSION = YES;
				CLANG_WARN_CONSTANT_CONVERSION = YES;
				CLANG_WARN_DIRECT_OBJC_ISA_USAGE = YES_ERROR;
				CLANG_WARN_DOCUMENTATION_COMMENTS = YES;
				CLANG_WARN_EMPTY_BODY = YES;
				CLANG_WARN_ENUM_CONVERSION = YES;
				CLANG_WARN_INFINITE_RECURSION = YES;
				CLANG_WARN_INT_CONVERSION = YES;
				CLANG_WARN_OBJC_ROOT_CLASS = YES_ERROR;
				CLANG_WARN_SUSPICIOUS_MOVES = YES;
				CLANG_WARN_UNREACHABLE_CODE = YES;
				CLANG_WARN__DUPLICATE_METHOD_MATCH = YES;
				"CODE_SIGN_IDENTITY[sdk=iphoneos*]" = "iPhone Developer";
				COPY_PHASE_STRIP = NO;
				CURRENT_PROJECT_VERSION = 1;
				DEBUG_INFORMATION_FORMAT = dwarf;
				ENABLE_STRICT_OBJC_MSGSEND = YES;
				ENABLE_TESTABILITY = YES;
				GCC_C_LANGUAGE_STANDARD = gnu99;
				GCC_DYNAMIC_NO_PIC = NO;
				GCC_NO_COMMON_BLOCKS = YES;
				GCC_OPTIMIZATION_LEVEL = 0;
				GCC_PREPROCESSOR_DEFINITIONS = (
					"DEBUG=1",
					"$(inherited)",
				);
				GCC_WARN_64_TO_32_BIT_CONVERSION = YES;
				GCC_WARN_ABOUT_RETURN_TYPE = YES_ERROR;
				GCC_WARN_UNDECLARED_SELECTOR = YES;
				GCC_WARN_UNINITIALIZED_AUTOS = YES_AGGRESSIVE;
				GCC_WARN_UNUSED_FUNCTION = YES;
				GCC_WARN_UNUSED_VARIABLE = YES;
				IPHONEOS_DEPLOYMENT_TARGET = 10.0;
				MTL_ENABLE_DEBUG_INFO = YES;
				ONLY_ACTIVE_ARCH = YES;
				SDKROOT = iphoneos;
				SWIFT_ACTIVE_COMPILATION_CONDITIONS = DEBUG;
				SWIFT_OPTIMIZATION_LEVEL = "-Onone";
				TARGETED_DEVICE_FAMILY = "1,2";
				VERSIONING_SYSTEM = "apple-generic";
				VERSION_INFO_PREFIX = "";
			};
			name = Debug;
		};
		BAB14DF11DBE014B006D119D /* Release */ = {
			isa = XCBuildConfiguration;
			buildSettings = {
				ALWAYS_SEARCH_USER_PATHS = NO;
				CLANG_ANALYZER_NONNULL = YES;
				CLANG_CXX_LANGUAGE_STANDARD = "gnu++0x";
				CLANG_CXX_LIBRARY = "libc++";
				CLANG_ENABLE_MODULES = YES;
				CLANG_ENABLE_OBJC_ARC = YES;
				CLANG_WARN_BOOL_CONVERSION = YES;
				CLANG_WARN_CONSTANT_CONVERSION = YES;
				CLANG_WARN_DIRECT_OBJC_ISA_USAGE = YES_ERROR;
				CLANG_WARN_DOCUMENTATION_COMMENTS = YES;
				CLANG_WARN_EMPTY_BODY = YES;
				CLANG_WARN_ENUM_CONVERSION = YES;
				CLANG_WARN_INFINITE_RECURSION = YES;
				CLANG_WARN_INT_CONVERSION = YES;
				CLANG_WARN_OBJC_ROOT_CLASS = YES_ERROR;
				CLANG_WARN_SUSPICIOUS_MOVES = YES;
				CLANG_WARN_UNREACHABLE_CODE = YES;
				CLANG_WARN__DUPLICATE_METHOD_MATCH = YES;
				"CODE_SIGN_IDENTITY[sdk=iphoneos*]" = "iPhone Developer";
				COPY_PHASE_STRIP = NO;
				CURRENT_PROJECT_VERSION = 1;
				DEBUG_INFORMATION_FORMAT = "dwarf-with-dsym";
				ENABLE_NS_ASSERTIONS = NO;
				ENABLE_STRICT_OBJC_MSGSEND = YES;
				GCC_C_LANGUAGE_STANDARD = gnu99;
				GCC_NO_COMMON_BLOCKS = YES;
				GCC_WARN_64_TO_32_BIT_CONVERSION = YES;
				GCC_WARN_ABOUT_RETURN_TYPE = YES_ERROR;
				GCC_WARN_UNDECLARED_SELECTOR = YES;
				GCC_WARN_UNINITIALIZED_AUTOS = YES_AGGRESSIVE;
				GCC_WARN_UNUSED_FUNCTION = YES;
				GCC_WARN_UNUSED_VARIABLE = YES;
				IPHONEOS_DEPLOYMENT_TARGET = 10.0;
				MTL_ENABLE_DEBUG_INFO = NO;
				SDKROOT = iphoneos;
				SWIFT_OPTIMIZATION_LEVEL = "-Owholemodule";
				TARGETED_DEVICE_FAMILY = "1,2";
				VALIDATE_PRODUCT = YES;
				VERSIONING_SYSTEM = "apple-generic";
				VERSION_INFO_PREFIX = "";
			};
			name = Release;
		};
		BAB14DF31DBE014B006D119D /* Debug */ = {
			isa = XCBuildConfiguration;
			baseConfigurationReference = D55A64EBD1EB5911ABBB19F1 /* Pods-ReactiveAu3dio.debug.xcconfig */;
			buildSettings = {
				CLANG_ENABLE_MODULES = YES;
				CODE_SIGN_IDENTITY = "";
				DEFINES_MODULE = YES;
				DEVELOPMENT_TEAM = LMF68UG2BU;
				DYLIB_COMPATIBILITY_VERSION = 1;
				DYLIB_CURRENT_VERSION = 1;
				DYLIB_INSTALL_NAME_BASE = "@rpath";
				INFOPLIST_FILE = ReactiveAu3dio/Info.plist;
				INSTALL_PATH = "$(LOCAL_LIBRARY_DIR)/Frameworks";
				LD_RUNPATH_SEARCH_PATHS = "$(inherited) @executable_path/Frameworks @loader_path/Frameworks";
				PRODUCT_BUNDLE_IDENTIFIER = com.vknabel.ReactiveAu3dio;
				PRODUCT_NAME = "$(TARGET_NAME)";
				SKIP_INSTALL = YES;
				SWIFT_OPTIMIZATION_LEVEL = "-Onone";
				SWIFT_VERSION = 3.0;
			};
			name = Debug;
		};
		BAB14DF41DBE014B006D119D /* Release */ = {
			isa = XCBuildConfiguration;
			baseConfigurationReference = AAD33EC8E7804D1EA108D3C5 /* Pods-ReactiveAu3dio.release.xcconfig */;
			buildSettings = {
				CLANG_ENABLE_MODULES = YES;
				CODE_SIGN_IDENTITY = "";
				DEFINES_MODULE = YES;
				DEVELOPMENT_TEAM = LMF68UG2BU;
				DYLIB_COMPATIBILITY_VERSION = 1;
				DYLIB_CURRENT_VERSION = 1;
				DYLIB_INSTALL_NAME_BASE = "@rpath";
				INFOPLIST_FILE = ReactiveAu3dio/Info.plist;
				INSTALL_PATH = "$(LOCAL_LIBRARY_DIR)/Frameworks";
				LD_RUNPATH_SEARCH_PATHS = "$(inherited) @executable_path/Frameworks @loader_path/Frameworks";
				PRODUCT_BUNDLE_IDENTIFIER = com.vknabel.ReactiveAu3dio;
				PRODUCT_NAME = "$(TARGET_NAME)";
				SKIP_INSTALL = YES;
				SWIFT_VERSION = 3.0;
			};
			name = Release;
		};
		BAB14DF61DBE014B006D119D /* Debug */ = {
			isa = XCBuildConfiguration;
			baseConfigurationReference = BB55EBC91A9C4701762B3C3B /* Pods-ReactiveAu3dioTests.debug.xcconfig */;
			buildSettings = {
				ALWAYS_EMBED_SWIFT_STANDARD_LIBRARIES = YES;
				DEVELOPMENT_TEAM = LMF68UG2BU;
				INFOPLIST_FILE = ReactiveAu3dioTests/Info.plist;
				LD_RUNPATH_SEARCH_PATHS = "$(inherited) @executable_path/Frameworks @loader_path/Frameworks";
				PRODUCT_BUNDLE_IDENTIFIER = com.vknabel.ReactiveAu3dioTests;
				PRODUCT_NAME = "$(TARGET_NAME)";
				SWIFT_VERSION = 3.0;
			};
			name = Debug;
		};
		BAB14DF71DBE014B006D119D /* Release */ = {
			isa = XCBuildConfiguration;
			baseConfigurationReference = A62809EEEBAA87AFE96A66C1 /* Pods-ReactiveAu3dioTests.release.xcconfig */;
			buildSettings = {
				ALWAYS_EMBED_SWIFT_STANDARD_LIBRARIES = YES;
				DEVELOPMENT_TEAM = LMF68UG2BU;
				INFOPLIST_FILE = ReactiveAu3dioTests/Info.plist;
				LD_RUNPATH_SEARCH_PATHS = "$(inherited) @executable_path/Frameworks @loader_path/Frameworks";
				PRODUCT_BUNDLE_IDENTIFIER = com.vknabel.ReactiveAu3dioTests;
				PRODUCT_NAME = "$(TARGET_NAME)";
				SWIFT_VERSION = 3.0;
			};
			name = Release;
		};
/* End XCBuildConfiguration section */

/* Begin XCConfigurationList section */
		BAA390C11DBF79C60054C0C8 /* Build configuration list for PBXNativeTarget "Demo" */ = {
			isa = XCConfigurationList;
			buildConfigurations = (
				BAA390C21DBF79C60054C0C8 /* Debug */,
				BAA390C31DBF79C60054C0C8 /* Release */,
			);
			defaultConfigurationIsVisible = 0;
			defaultConfigurationName = Release;
		};
		BAB14DD81DBE014B006D119D /* Build configuration list for PBXProject "ReactiveAu3dio" */ = {
			isa = XCConfigurationList;
			buildConfigurations = (
				BAB14DF01DBE014B006D119D /* Debug */,
				BAB14DF11DBE014B006D119D /* Release */,
			);
			defaultConfigurationIsVisible = 0;
			defaultConfigurationName = Release;
		};
		BAB14DF21DBE014B006D119D /* Build configuration list for PBXNativeTarget "ReactiveAu3dio" */ = {
			isa = XCConfigurationList;
			buildConfigurations = (
				BAB14DF31DBE014B006D119D /* Debug */,
				BAB14DF41DBE014B006D119D /* Release */,
			);
			defaultConfigurationIsVisible = 0;
			defaultConfigurationName = Release;
		};
		BAB14DF51DBE014B006D119D /* Build configuration list for PBXNativeTarget "ReactiveAu3dioTests" */ = {
			isa = XCConfigurationList;
			buildConfigurations = (
				BAB14DF61DBE014B006D119D /* Debug */,
				BAB14DF71DBE014B006D119D /* Release */,
			);
			defaultConfigurationIsVisible = 0;
			defaultConfigurationName = Release;
		};
/* End XCConfigurationList section */
	};
	rootObject = BAB14DD51DBE014B006D119D /* Project object */;
}
